
Microsoft Visual Studio Solution File, Format Version 12.00
# Visual Studio Version 17
VisualStudioVersion = 17.0.31808.319
MinimumVisualStudioVersion = 10.0.40219.1
Project("{9A19103F-16F7-4668-BE54-9A1E7A4F7556}") = "PTlog", "PTlog\PTlog.csproj", "{922E98A8-7155-49AD-8E26-AC9D210C2AEF}"
EndProject
Project("{FAE04EC0-301F-11D3-BF4B-00C04F79EFBC}") = "Dx.SDK", "Dx.SDK\Dx.SDK.csproj", "{91AF263C-0D96-466E-B478-FA6281F37DAE}"
EndProject
Project("{2150E333-8FDC-42A3-9474-1A3956D46DE8}") = "Elementi di soluzione", "Elementi di soluzione", "{83E9C6BD-7D9E-4EAA-A797-4F603E2DE728}"
	ProjectSection(SolutionItems) = preProject
		.travis.yml = .travis.yml
	EndProjectSection
EndProject
Global
	GlobalSection(SolutionConfigurationPlatforms) = preSolution
		Debug|Any CPU = Debug|Any CPU
		Debug|ARM32 = Debug|ARM32
		Debug|ARM64 = Debug|ARM64
		Release|Any CPU = Release|Any CPU
		Release|ARM32 = Release|ARM32
		Release|ARM64 = Release|ARM64
	EndGlobalSection
	GlobalSection(ProjectConfigurationPlatforms) = postSolution
		{922E98A8-7155-49AD-8E26-AC9D210C2AEF}.Debug|Any CPU.ActiveCfg = Debug|Any CPU
		{922E98A8-7155-49AD-8E26-AC9D210C2AEF}.Debug|Any CPU.Build.0 = Debug|Any CPU
		{922E98A8-7155-49AD-8E26-AC9D210C2AEF}.Debug|ARM32.ActiveCfg = Debug|ARM32
		{922E98A8-7155-49AD-8E26-AC9D210C2AEF}.Debug|ARM32.Build.0 = Debug|ARM32
		{922E98A8-7155-49AD-8E26-AC9D210C2AEF}.Debug|ARM64.ActiveCfg = Debug|Any CPU
		{922E98A8-7155-49AD-8E26-AC9D210C2AEF}.Debug|ARM64.Build.0 = Debug|Any CPU
		{922E98A8-7155-49AD-8E26-AC9D210C2AEF}.Release|Any CPU.ActiveCfg = Release|Any CPU
		{922E98A8-7155-49AD-8E26-AC9D210C2AEF}.Release|Any CPU.Build.0 = Release|Any CPU
		{922E98A8-7155-49AD-8E26-AC9D210C2AEF}.Release|ARM32.ActiveCfg = Release|ARM32
		{922E98A8-7155-49AD-8E26-AC9D210C2AEF}.Release|ARM32.Build.0 = Release|ARM32
		{922E98A8-7155-49AD-8E26-AC9D210C2AEF}.Release|ARM64.ActiveCfg = Release|ARM32
		{922E98A8-7155-49AD-8E26-AC9D210C2AEF}.Release|ARM64.Build.0 = Release|ARM32
		{91AF263C-0D96-466E-B478-FA6281F37DAE}.Debug|Any CPU.ActiveCfg = Debug|Any CPU
		{91AF263C-0D96-466E-B478-FA6281F37DAE}.Debug|Any CPU.Build.0 = Debug|Any CPU
		{91AF263C-0D96-466E-B478-FA6281F37DAE}.Debug|ARM32.ActiveCfg = Debug|Any CPU
		{91AF263C-0D96-466E-B478-FA6281F37DAE}.Debug|ARM32.Build.0 = Debug|Any CPU
		{91AF263C-0D96-466E-B478-FA6281F37DAE}.Debug|ARM64.ActiveCfg = Debug|ARM64
		{91AF263C-0D96-466E-B478-FA6281F37DAE}.Debug|ARM64.Build.0 = Debug|ARM64
		{91AF263C-0D96-466E-B478-FA6281F37DAE}.Release|Any CPU.ActiveCfg = Release|Any CPU
		{91AF263C-0D96-466E-B478-FA6281F37DAE}.Release|Any CPU.Build.0 = Release|Any CPU
		{91AF263C-0D96-466E-B478-FA6281F37DAE}.Release|ARM32.ActiveCfg = Release|Any CPU
		{91AF263C-0D96-466E-B478-FA6281F37DAE}.Release|ARM32.Build.0 = Release|Any CPU
		{91AF263C-0D96-466E-B478-FA6281F37DAE}.Release|ARM64.ActiveCfg = Release|Any CPU
		{91AF263C-0D96-466E-B478-FA6281F37DAE}.Release|ARM64.Build.0 = Release|Any CPU
	EndGlobalSection
	GlobalSection(SolutionProperties) = preSolution
		HideSolutionNode = FALSE
	EndGlobalSection
	GlobalSection(ExtensibilityGlobals) = postSolution
		SolutionGuid = {D2C1BAD7-D881-4B07-98BE-DC22757B5D9A}
	EndGlobalSection
EndGlobal
