
Microsoft Visual Studio Solution File, Format Version 12.00
# Visual Studio Version 17
VisualStudioVersion = 17.0.31808.319
MinimumVisualStudioVersion = 10.0.40219.1
Project("{9A19103F-16F7-4668-BE54-9A1E7A4F7556}") = "PTlog", "ConsoleApp1\PTlog.csproj", "{922E98A8-7155-49AD-8E26-AC9D210C2AEF}"
EndProject
Project("{FAE04EC0-301F-11D3-BF4B-00C04F79EFBC}") = "Dx.SDK", "Dx.SDK\Dx.SDK.csproj", "{91AF263C-0D96-466E-B478-FA6281F37DAE}"
EndProject
Global
	GlobalSection(SolutionConfigurationPlatforms) = preSolution
		Debug|Any CPU = Debug|Any CPU
		Release|Any CPU = Release|Any CPU
	EndGlobalSection
	GlobalSection(ProjectConfigurationPlatforms) = postSolution
		{922E98A8-7155-49AD-8E26-AC9D210C2AEF}.Debug|Any CPU.ActiveCfg = Debug|Any CPU
		{922E98A8-7155-49AD-8E26-AC9D210C2AEF}.Debug|Any CPU.Build.0 = Debug|Any CPU
		{922E98A8-7155-49AD-8E26-AC9D210C2AEF}.Release|Any CPU.ActiveCfg = Release|Any CPU
		{922E98A8-7155-49AD-8E26-AC9D210C2AEF}.Release|Any CPU.Build.0 = Release|Any CPU
		{91AF263C-0D96-466E-B478-FA6281F37DAE}.Debug|Any CPU.ActiveCfg = Debug|Any CPU
		{91AF263C-0D96-466E-B478-FA6281F37DAE}.Debug|Any CPU.Build.0 = Debug|Any CPU
		{91AF263C-0D96-466E-B478-FA6281F37DAE}.Release|Any CPU.ActiveCfg = Release|Any CPU
		{91AF263C-0D96-466E-B478-FA6281F37DAE}.Release|Any CPU.Build.0 = Release|Any CPU
	EndGlobalSection
	GlobalSection(SolutionProperties) = preSolution
		HideSolutionNode = FALSE
	EndGlobalSection
	GlobalSection(ExtensibilityGlobals) = postSolution
		SolutionGuid = {D2C1BAD7-D881-4B07-98BE-DC22757B5D9A}
	EndGlobalSection
EndGlobal
